# THIS IS AN AUTOGENERATED FILE. DO NOT EDIT THIS FILE DIRECTLY.
# yarn lockfile v1


"@fistache/tslint-config@^1.0.4":
  version "1.0.4"
  resolved "https://registry.yarnpkg.com/@fistache/tslint-config/-/tslint-config-1.0.4.tgz#5b8368a3a66c6bbe0dc33d2d399fc4af5e96f908"

"@fistache/typescript-config@^1.0.1":
  version "1.0.1"
  resolved "https://registry.yarnpkg.com/@fistache/typescript-config/-/typescript-config-1.0.1.tgz#0ee8ff8cc71cbd37f0dd6d8591dc846c5cb4576f"
