# THIS IS AN AUTOGENERATED FILE. DO NOT EDIT THIS FILE DIRECTLY.
# yarn lockfile v1


"@fistache/tslint-config@^1.0.5":
  version "1.0.5"
  resolved "https://registry.yarnpkg.com/@fistache/tslint-config/-/tslint-config-1.0.5.tgz#909608ff81d954b40f7d3281b42c7a3c54e3a3d3"
  integrity sha512-kUo+Bqs68J1Q208Z8LUwcL100ASqykrUY1yMLGImTsgK75vXFCx01790MwIAImzYieaDdkc6XtccFMHU3vOVqQ==

"@fistache/typescript-config@^1.0.1":
  version "1.0.1"
  resolved "https://registry.yarnpkg.com/@fistache/typescript-config/-/typescript-config-1.0.1.tgz#0ee8ff8cc71cbd37f0dd6d8591dc846c5cb4576f"
